<Solution>
  <Folder Name="/harbor-demo/">
    <Project Path="harbor-demo/src/Kuestenlogik.Bowire.Samples.Shared/Kuestenlogik.Bowire.Samples.Shared.csproj" />
    <Project Path="harbor-demo/src/Kuestenlogik.Bowire.Samples.Combined/Kuestenlogik.Bowire.Samples.Combined.csproj" />
    <Project Path="harbor-demo/src/Kuestenlogik.Bowire.Samples.Grpc/Kuestenlogik.Bowire.Samples.Grpc.csproj" />
    <Project Path="harbor-demo/src/Kuestenlogik.Bowire.Samples.Rest/Kuestenlogik.Bowire.Samples.Rest.csproj" />
    <Project Path="harbor-demo/src/Kuestenlogik.Bowire.Samples.SignalR/Kuestenlogik.Bowire.Samples.SignalR.csproj" />
    <Project Path="harbor-demo/src/Kuestenlogik.Bowire.Samples.WebSocket/Kuestenlogik.Bowire.Samples.WebSocket.csproj" />
    <Project Path="harbor-demo/src/Kuestenlogik.Bowire.Samples.Sse/Kuestenlogik.Bowire.Samples.Sse.csproj" />
    <Project Path="harbor-demo/src/Kuestenlogik.Bowire.Samples.GraphQL/Kuestenlogik.Bowire.Samples.GraphQL.csproj" />
    <Project Path="harbor-demo/src/Kuestenlogik.Bowire.Samples.OData/Kuestenlogik.Bowire.Samples.OData.csproj" />
    <Project Path="harbor-demo/src/Kuestenlogik.Bowire.Samples.Mqtt/Kuestenlogik.Bowire.Samples.Mqtt.csproj" />
    <Project Path="harbor-demo/src/Kuestenlogik.Bowire.Samples.Amqp/Kuestenlogik.Bowire.Samples.Amqp.csproj" />
    <Project Path="harbor-demo/src/Kuestenlogik.Bowire.Samples.AsyncApi/Kuestenlogik.Bowire.Samples.AsyncApi.csproj" />
    <Project Path="harbor-demo/src/Kuestenlogik.Bowire.Samples.SocketIo/Kuestenlogik.Bowire.Samples.SocketIo.csproj" />
    <Project Path="harbor-demo/src/Kuestenlogik.Bowire.Samples.Mcp/Kuestenlogik.Bowire.Samples.Mcp.csproj" />
    <Project Path="harbor-demo/src/Kuestenlogik.Bowire.Samples.SchemaSemantics/Kuestenlogik.Bowire.Samples.SchemaSemantics.csproj" />
    <Project Path="harbor-demo/src/Kuestenlogik.Bowire.Samples.TacticalApi/Kuestenlogik.Bowire.Samples.TacticalApi.csproj" />
    <Project Path="harbor-demo/src/Kuestenlogik.Bowire.Samples.Vulnerable/Kuestenlogik.Bowire.Samples.Vulnerable.csproj" />
    <Project Path="harbor-demo/src/Kuestenlogik.Bowire.Samples.Fleet/Kuestenlogik.Bowire.Samples.Fleet.csproj" />
    <Project Path="harbor-demo/src/Kuestenlogik.Bowire.Samples.Inventory/Kuestenlogik.Bowire.Samples.Inventory.csproj" />
    <Project Path="harbor-demo/src/Kuestenlogik.Bowire.Samples.Gateway/Kuestenlogik.Bowire.Samples.Gateway.csproj" />
  </Folder>
  <Folder Name="/protocols/">
    <!-- Every single-plugin demo with a .NET project moved to the main
         Bowire repo's samples/ as a combined server + embedded-workbench
         sample (Kuestenlogik.Bowire.Sample.*), including the broker ones
         (MQTT self-contained; NATS/Pulsar with their own docker-compose).
         What remains here: the Socket.IO Node.js demo (no .NET project)
         and the TacticalApi radar server (pending its own
         Bowire.Protocol.TacticalApi/samples/ home). -->
    <Project Path="protocols/TacticalApi.RadarSweep/RadarSweep.csproj" />
  </Folder>
</Solution>
